Microsoft Visual Studio Solution File, Format Version 12.00
Project("{FAE04EC0-301F-11D3-BF4B-00C04F79EFBC}") = "Antra_CSharp_Assignment1", "Antra_CSharp_Assignment1\Antra_CSharp_Assignment1.csproj", "{B99CA323-09CB-4AE8-9F71-7603B4DC7E7A}"
EndProject
Global
	GlobalSection(SolutionConfigurationPlatforms) = preSolution
		Debug|Any CPU = Debug|Any CPU
		Release|Any CPU = Release|Any CPU
	EndGlobalSection
	GlobalSection(ProjectConfigurationPlatforms) = postSolution
		{B99CA323-09CB-4AE8-9F71-7603B4DC7E7A}.Debug|Any CPU.ActiveCfg = Debug|Any CPU
		{B99CA323-09CB-4AE8-9F71-7603B4DC7E7A}.Debug|Any CPU.Build.0 = Debug|Any CPU
		{B99CA323-09CB-4AE8-9F71-7603B4DC7E7A}.Release|Any CPU.ActiveCfg = Release|Any CPU
		{B99CA323-09CB-4AE8-9F71-7603B4DC7E7A}.Release|Any CPU.Build.0 = Release|Any CPU
	EndGlobalSection
EndGlobal
